// !$*UTF8*$!
{
	archiveVersion = 1;
	classes = {
	};
	objectVersion = 51;
	objects = {

/* Begin PBXBuildFile section */
		0841D353C7BFA2F92A93F60B /* Pods_PPCTests.framework in Frameworks */ = {isa = PBXBuildFile; fileRef = 6E90C1ACA5CF3E691AA0CBD5 /* Pods_PPCTests.framework */; };
		5ECB2DDFD6127BE4A6A75389 /* Pods_PPCUITests.framework in Frameworks */ = {isa = PBXBuildFile; fileRef = 5971FB332826F3263CC6EB19 /* Pods_PPCUITests.framework */; };
		D003A7062217A1CF00DCC2CD /* ControlBinding.swift in Sources */ = {isa = PBXBuildFile; fileRef = D003A7052217A1CF00DCC2CD /* ControlBinding.swift */; };
		D003A7082217B64B00DCC2CD /* Model.swift in Sources */ = {isa = PBXBuildFile; fileRef = D003A7072217B64B00DCC2CD /* Model.swift */; };
		D003A70A2225D93600DCC2CD /* SegueFromLeft.swift in Sources */ = {isa = PBXBuildFile; fileRef = D003A7092225D93600DCC2CD /* SegueFromLeft.swift */; };
		D003A70C222727AA00DCC2CD /* Podcast.swift in Sources */ = {isa = PBXBuildFile; fileRef = D003A70B222727AA00DCC2CD /* Podcast.swift */; };
		D003A7102228679300DCC2CD /* PodcastsCollectionViewController.swift in Sources */ = {isa = PBXBuildFile; fileRef = D003A70F2228679300DCC2CD /* PodcastsCollectionViewController.swift */; };
		D003A71222286C3800DCC2CD /* PodcastsCollectionViewCell.swift in Sources */ = {isa = PBXBuildFile; fileRef = D003A71122286C3800DCC2CD /* PodcastsCollectionViewCell.swift */; };
		D01329C124436FD20099D2AE /* CrosspostTableViewController.swift in Sources */ = {isa = PBXBuildFile; fileRef = D01329C024436FD20099D2AE /* CrosspostTableViewController.swift */; };
		D01329C3244379520099D2AE /* CrosspostViewCell.swift in Sources */ = {isa = PBXBuildFile; fileRef = D01329C2244379520099D2AE /* CrosspostViewCell.swift */; };
		D014287621C59EE800D0A414 /* Episodes.swift in Sources */ = {isa = PBXBuildFile; fileRef = D014287521C59EE800D0A414 /* Episodes.swift */; };
		D02DC80A225CF90600DC3352 /* PodcastDetailViewController.swift in Sources */ = {isa = PBXBuildFile; fileRef = D02DC809225CF90600DC3352 /* PodcastDetailViewController.swift */; };
		D02DC80C225CF91D00DC3352 /* PodcastSubscribersTableViewController.swift in Sources */ = {isa = PBXBuildFile; fileRef = D02DC80B225CF91D00DC3352 /* PodcastSubscribersTableViewController.swift */; };
		D02DC80E225D280D00DC3352 /* PodcastSubscribersViewCell.swift in Sources */ = {isa = PBXBuildFile; fileRef = D02DC80D225D280D00DC3352 /* PodcastSubscribersViewCell.swift */; };
		D052047724365A9300F2DC37 /* NewProfileViewController.swift in Sources */ = {isa = PBXBuildFile; fileRef = D052047624365A9300F2DC37 /* NewProfileViewController.swift */; };
		D0520479243B9E3700F2DC37 /* Notifications.swift in Sources */ = {isa = PBXBuildFile; fileRef = D0520478243B9E3700F2DC37 /* Notifications.swift */; };
		D052047B243C0C8300F2DC37 /* Util.swift in Sources */ = {isa = PBXBuildFile; fileRef = D052047A243C0C8300F2DC37 /* Util.swift */; };
		D0682A11243F8EEC005A1AA6 /* Badge.swift in Sources */ = {isa = PBXBuildFile; fileRef = D0682A10243F8EEC005A1AA6 /* Badge.swift */; };
		D0685DEE21921C1A0092E0FE /* UIVUMeter.swift in Sources */ = {isa = PBXBuildFile; fileRef = D0685DED21921C1A0092E0FE /* UIVUMeter.swift */; };
		D0685DF02193BF010092E0FE /* GoogleService-Info.plist in Resources */ = {isa = PBXBuildFile; fileRef = D0685DEF2193BF010092E0FE /* GoogleService-Info.plist */; };
		D0685DF12193BF010092E0FE /* GoogleService-Info.plist in Resources */ = {isa = PBXBuildFile; fileRef = D0685DEF2193BF010092E0FE /* GoogleService-Info.plist */; };
		D0685DF22193BF010092E0FE /* GoogleService-Info.plist in Resources */ = {isa = PBXBuildFile; fileRef = D0685DEF2193BF010092E0FE /* GoogleService-Info.plist */; };
		D07D47E9244E137E00472731 /* NSViewExt.swift in Sources */ = {isa = PBXBuildFile; fileRef = D07D47E8244E137E00472731 /* NSViewExt.swift */; };
		D0947CB9219091A900394049 /* AppDelegate.swift in Sources */ = {isa = PBXBuildFile; fileRef = D0947CB8219091A900394049 /* AppDelegate.swift */; };
		D0947CBE219091A900394049 /* Main.storyboard in Resources */ = {isa = PBXBuildFile; fileRef = D0947CBC219091A900394049 /* Main.storyboard */; };
		D0947CC0219091AB00394049 /* Assets.xcassets in Resources */ = {isa = PBXBuildFile; fileRef = D0947CBF219091AB00394049 /* Assets.xcassets */; };
		D0947CC3219091AB00394049 /* LaunchScreen.storyboard in Resources */ = {isa = PBXBuildFile; fileRef = D0947CC1219091AB00394049 /* LaunchScreen.storyboard */; };
		D0947CCE219091AC00394049 /* PPCTests.swift in Sources */ = {isa = PBXBuildFile; fileRef = D0947CCD219091AC00394049 /* PPCTests.swift */; };
		D0947CD9219091AC00394049 /* PPCUITests.swift in Sources */ = {isa = PBXBuildFile; fileRef = D0947CD8219091AC00394049 /* PPCUITests.swift */; };
		D0A3E759244B2E1100498F76 /* ImagePickerViewController.swift in Sources */ = {isa = PBXBuildFile; fileRef = D0A3E758244B2E1100498F76 /* ImagePickerViewController.swift */; };
		D0C2441A22135F9B0058DEA9 /* ProfileViewController.swift in Sources */ = {isa = PBXBuildFile; fileRef = D0C2441922135F9B0058DEA9 /* ProfileViewController.swift */; };
		D0C2441C2215F2D50058DEA9 /* Profile.swift in Sources */ = {isa = PBXBuildFile; fileRef = D0C2441B2215F2D50058DEA9 /* Profile.swift */; };
		D0C2441E2216015B0058DEA9 /* Profiles.swift in Sources */ = {isa = PBXBuildFile; fileRef = D0C2441D2216015B0058DEA9 /* Profiles.swift */; };
		D0F5F40321BADB3100EB65CE /* AuthNumberViewController.swift in Sources */ = {isa = PBXBuildFile; fileRef = D0F5F40221BADB3100EB65CE /* AuthNumberViewController.swift */; };
		D0F5F40521BADB7B00EB65CE /* AuthCodeViewController.swift in Sources */ = {isa = PBXBuildFile; fileRef = D0F5F40421BADB7B00EB65CE /* AuthCodeViewController.swift */; };
		D0F5F40721C1A9D000EB65CE /* DetailViewController.swift in Sources */ = {isa = PBXBuildFile; fileRef = D0F5F40621C1A9D000EB65CE /* DetailViewController.swift */; };
		D0F5F40921C1B94300EB65CE /* EpisodeTableViewCell.swift in Sources */ = {isa = PBXBuildFile; fileRef = D0F5F40821C1B94300EB65CE /* EpisodeTableViewCell.swift */; };
		D0F5F40B21C1BA4000EB65CE /* EpisodeTableViewController.swift in Sources */ = {isa = PBXBuildFile; fileRef = D0F5F40A21C1BA4000EB65CE /* EpisodeTableViewController.swift */; };
		D0F5F40D21C1BB0400EB65CE /* Episode.swift in Sources */ = {isa = PBXBuildFile; fileRef = D0F5F40C21C1BB0400EB65CE /* Episode.swift */; };
		D0F5F40F21C1F7F400EB65CE /* MainViewController.swift in Sources */ = {isa = PBXBuildFile; fileRef = D0F5F40E21C1F7F400EB65CE /* MainViewController.swift */; };
		D14A3AB56FB14FD3EF310CF4 /* Pods_PPC.framework in Frameworks */ = {isa = PBXBuildFile; fileRef = 7370270C55BF999450257CB7 /* Pods_PPC.framework */; };
/* End PBXBuildFile section */

/* Begin PBXContainerItemProxy section */
		D0947CCA219091AB00394049 /* PBXContainerItemProxy */ = {
			isa = PBXContainerItemProxy;
			containerPortal = D0947CAD219091A900394049 /* Project object */;
			proxyType = 1;
			remoteGlobalIDString = D0947CB4219091A900394049;
			remoteInfo = PPC;
		};
		D0947CD5219091AC00394049 /* PBXContainerItemProxy */ = {
			isa = PBXContainerItemProxy;
			containerPortal = D0947CAD219091A900394049 /* Project object */;
			proxyType = 1;
			remoteGlobalIDString = D0947CB4219091A900394049;
			remoteInfo = PPC;
		};
/* End PBXContainerItemProxy section */

/* Begin PBXFileReference section */
		32173928078B5D07CEC92E6B /* Pods-PPC.release.xcconfig */ = {isa = PBXFileReference; includeInIndex = 1; lastKnownFileType = text.xcconfig; name = "Pods-PPC.release.xcconfig"; path = "Pods/Target Support Files/Pods-PPC/Pods-PPC.release.xcconfig"; sourceTree = "<group>"; };
		3DBAF9D8E3B7FA0B5B5A6AC3 /* Pods-PPC.debug.xcconfig */ = {isa = PBXFileReference; includeInIndex = 1; lastKnownFileType = text.xcconfig; name = "Pods-PPC.debug.xcconfig"; path = "Pods/Target Support Files/Pods-PPC/Pods-PPC.debug.xcconfig"; sourceTree = "<group>"; };
		54191CE68E161F1009B6AC32 /* Pods-PPCUITests.release.xcconfig */ = {isa = PBXFileReference; includeInIndex = 1; lastKnownFileType = text.xcconfig; name = "Pods-PPCUITests.release.xcconfig"; path = "Pods/Target Support Files/Pods-PPCUITests/Pods-PPCUITests.release.xcconfig"; sourceTree = "<group>"; };
		5971FB332826F3263CC6EB19 /* Pods_PPCUITests.framework */ = {isa = PBXFileReference; explicitFileType = wrapper.framework; includeInIndex = 0; path = Pods_PPCUITests.framework; sourceTree = BUILT_PRODUCTS_DIR; };
		6E90C1ACA5CF3E691AA0CBD5 /* Pods_PPCTests.framework */ = {isa = PBXFileReference; explicitFileType = wrapper.framework; includeInIndex = 0; path = Pods_PPCTests.framework; sourceTree = BUILT_PRODUCTS_DIR; };
		7370270C55BF999450257CB7 /* Pods_PPC.framework */ = {isa = PBXFileReference; explicitFileType = wrapper.framework; includeInIndex = 0; path = Pods_PPC.framework; sourceTree = BUILT_PRODUCTS_DIR; };
		8438EDD9D2B9203FA873B5CE /* Pods-PPCTests.release.xcconfig */ = {isa = PBXFileReference; includeInIndex = 1; lastKnownFileType = text.xcconfig; name = "Pods-PPCTests.release.xcconfig"; path = "Pods/Target Support Files/Pods-PPCTests/Pods-PPCTests.release.xcconfig"; sourceTree = "<group>"; };
		A9F464517401D4D6AD9C0FF5 /* Pods-PPCTests.debug.xcconfig */ = {isa = PBXFileReference; includeInIndex = 1; lastKnownFileType = text.xcconfig; name = "Pods-PPCTests.debug.xcconfig"; path = "Pods/Target Support Files/Pods-PPCTests/Pods-PPCTests.debug.xcconfig"; sourceTree = "<group>"; };
		CEFA191C336962A2CC63148C /* Pods-PPCUITests.debug.xcconfig */ = {isa = PBXFileReference; includeInIndex = 1; lastKnownFileType = text.xcconfig; name = "Pods-PPCUITests.debug.xcconfig"; path = "Pods/Target Support Files/Pods-PPCUITests/Pods-PPCUITests.debug.xcconfig"; sourceTree = "<group>"; };
		D003A7052217A1CF00DCC2CD /* ControlBinding.swift */ = {isa = PBXFileReference; lastKnownFileType = sourcecode.swift; path = ControlBinding.swift; sourceTree = "<group>"; };
		D003A7072217B64B00DCC2CD /* Model.swift */ = {isa = PBXFileReference; lastKnownFileType = sourcecode.swift; path = Model.swift; sourceTree = "<group>"; };
		D003A7092225D93600DCC2CD /* SegueFromLeft.swift */ = {isa = PBXFileReference; lastKnownFileType = sourcecode.swift; path = SegueFromLeft.swift; sourceTree = "<group>"; };
		D003A70B222727AA00DCC2CD /* Podcast.swift */ = {isa = PBXFileReference; lastKnownFileType = sourcecode.swift; path = Podcast.swift; sourceTree = "<group>"; };
		D003A70F2228679300DCC2CD /* PodcastsCollectionViewController.swift */ = {isa = PBXFileReference; lastKnownFileType = sourcecode.swift; path = PodcastsCollectionViewController.swift; sourceTree = "<group>"; };
		D003A71122286C3800DCC2CD /* PodcastsCollectionViewCell.swift */ = {isa = PBXFileReference; lastKnownFileType = sourcecode.swift; path = PodcastsCollectionViewCell.swift; sourceTree = "<group>"; };
		D01329C024436FD20099D2AE /* CrosspostTableViewController.swift */ = {isa = PBXFileReference; lastKnownFileType = sourcecode.swift; path = CrosspostTableViewController.swift; sourceTree = "<group>"; };
		D01329C2244379520099D2AE /* CrosspostViewCell.swift */ = {isa = PBXFileReference; lastKnownFileType = sourcecode.swift; path = CrosspostViewCell.swift; sourceTree = "<group>"; };
		D014287521C59EE800D0A414 /* Episodes.swift */ = {isa = PBXFileReference; lastKnownFileType = sourcecode.swift; path = Episodes.swift; sourceTree = "<group>"; };
		D02DC809225CF90600DC3352 /* PodcastDetailViewController.swift */ = {isa = PBXFileReference; lastKnownFileType = sourcecode.swift; path = PodcastDetailViewController.swift; sourceTree = "<group>"; };
		D02DC80B225CF91D00DC3352 /* PodcastSubscribersTableViewController.swift */ = {isa = PBXFileReference; lastKnownFileType = sourcecode.swift; path = PodcastSubscribersTableViewController.swift; sourceTree = "<group>"; };
		D02DC80D225D280D00DC3352 /* PodcastSubscribersViewCell.swift */ = {isa = PBXFileReference; lastKnownFileType = sourcecode.swift; path = PodcastSubscribersViewCell.swift; sourceTree = "<group>"; };
		D052047624365A9300F2DC37 /* NewProfileViewController.swift */ = {isa = PBXFileReference; lastKnownFileType = sourcecode.swift; path = NewProfileViewController.swift; sourceTree = "<group>"; };
		D0520478243B9E3700F2DC37 /* Notifications.swift */ = {isa = PBXFileReference; lastKnownFileType = sourcecode.swift; path = Notifications.swift; sourceTree = "<group>"; };
		D052047A243C0C8300F2DC37 /* Util.swift */ = {isa = PBXFileReference; lastKnownFileType = sourcecode.swift; path = Util.swift; sourceTree = "<group>"; };
		D0682A10243F8EEC005A1AA6 /* Badge.swift */ = {isa = PBXFileReference; lastKnownFileType = sourcecode.swift; path = Badge.swift; sourceTree = "<group>"; };
		D0685DED21921C1A0092E0FE /* UIVUMeter.swift */ = {isa = PBXFileReference; lastKnownFileType = sourcecode.swift; path = UIVUMeter.swift; sourceTree = "<group>"; };
		D0685DEF2193BF010092E0FE /* GoogleService-Info.plist */ = {isa = PBXFileReference; fileEncoding = 4; lastKnownFileType = text.plist.xml; path = "GoogleService-Info.plist"; sourceTree = "<group>"; };
		D07D47E8244E137E00472731 /* NSViewExt.swift */ = {isa = PBXFileReference; lastKnownFileType = sourcecode.swift; path = NSViewExt.swift; sourceTree = "<group>"; };
		D0947CB5219091A900394049 /* PPC.app */ = {isa = PBXFileReference; explicitFileType = wrapper.application; includeInIndex = 0; path = PPC.app; sourceTree = BUILT_PRODUCTS_DIR; };
		D0947CB8219091A900394049 /* AppDelegate.swift */ = {isa = PBXFileReference; lastKnownFileType = sourcecode.swift; path = AppDelegate.swift; sourceTree = "<group>"; };
		D0947CBD219091A900394049 /* Base */ = {isa = PBXFileReference; lastKnownFileType = file.storyboard; name = Base; path = Base.lproj/Main.storyboard; sourceTree = "<group>"; };
		D0947CBF219091AB00394049 /* Assets.xcassets */ = {isa = PBXFileReference; lastKnownFileType = folder.assetcatalog; path = Assets.xcassets; sourceTree = "<group>"; };
		D0947CC2219091AB00394049 /* Base */ = {isa = PBXFileReference; lastKnownFileType = file.storyboard; name = Base; path = Base.lproj/LaunchScreen.storyboard; sourceTree = "<group>"; };
		D0947CC4219091AB00394049 /* Info.plist */ = {isa = PBXFileReference; lastKnownFileType = text.plist.xml; path = Info.plist; sourceTree = "<group>"; };
		D0947CC9219091AB00394049 /* PPCTests.xctest */ = {isa = PBXFileReference; explicitFileType = wrapper.cfbundle; includeInIndex = 0; path = PPCTests.xctest; sourceTree = BUILT_PRODUCTS_DIR; };
		D0947CCD219091AC00394049 /* PPCTests.swift */ = {isa = PBXFileReference; lastKnownFileType = sourcecode.swift; path = PPCTests.swift; sourceTree = "<group>"; };
		D0947CCF219091AC00394049 /* Info.plist */ = {isa = PBXFileReference; lastKnownFileType = text.plist.xml; path = Info.plist; sourceTree = "<group>"; };
		D0947CD4219091AC00394049 /* PPCUITests.xctest */ = {isa = PBXFileReference; explicitFileType = wrapper.cfbundle; includeInIndex = 0; path = PPCUITests.xctest; sourceTree = BUILT_PRODUCTS_DIR; };
		D0947CD8219091AC00394049 /* PPCUITests.swift */ = {isa = PBXFileReference; lastKnownFileType = sourcecode.swift; path = PPCUITests.swift; sourceTree = "<group>"; };
		D0947CDA219091AC00394049 /* Info.plist */ = {isa = PBXFileReference; lastKnownFileType = text.plist.xml; path = Info.plist; sourceTree = "<group>"; };
		D0A3E758244B2E1100498F76 /* ImagePickerViewController.swift */ = {isa = PBXFileReference; lastKnownFileType = sourcecode.swift; path = ImagePickerViewController.swift; sourceTree = "<group>"; };
		D0C2441922135F9B0058DEA9 /* ProfileViewController.swift */ = {isa = PBXFileReference; lastKnownFileType = sourcecode.swift; path = ProfileViewController.swift; sourceTree = "<group>"; };
		D0C2441B2215F2D50058DEA9 /* Profile.swift */ = {isa = PBXFileReference; lastKnownFileType = sourcecode.swift; path = Profile.swift; sourceTree = "<group>"; };
		D0C2441D2216015B0058DEA9 /* Profiles.swift */ = {isa = PBXFileReference; lastKnownFileType = sourcecode.swift; path = Profiles.swift; sourceTree = "<group>"; };
		D0F083C12193CC2E006C0161 /* PPC.entitlements */ = {isa = PBXFileReference; lastKnownFileType = text.plist.entitlements; path = PPC.entitlements; sourceTree = "<group>"; };
		D0F5F40221BADB3100EB65CE /* AuthNumberViewController.swift */ = {isa = PBXFileReference; lastKnownFileType = sourcecode.swift; path = AuthNumberViewController.swift; sourceTree = "<group>"; };
		D0F5F40421BADB7B00EB65CE /* AuthCodeViewController.swift */ = {isa = PBXFileReference; lastKnownFileType = sourcecode.swift; path = AuthCodeViewController.swift; sourceTree = "<group>"; };
		D0F5F40621C1A9D000EB65CE /* DetailViewController.swift */ = {isa = PBXFileReference; lastKnownFileType = sourcecode.swift; path = DetailViewController.swift; sourceTree = "<group>"; };
		D0F5F40821C1B94300EB65CE /* EpisodeTableViewCell.swift */ = {isa = PBXFileReference; lastKnownFileType = sourcecode.swift; path = EpisodeTableViewCell.swift; sourceTree = "<group>"; };
		D0F5F40A21C1BA4000EB65CE /* EpisodeTableViewController.swift */ = {isa = PBXFileReference; lastKnownFileType = sourcecode.swift; path = EpisodeTableViewController.swift; sourceTree = "<group>"; };
		D0F5F40C21C1BB0400EB65CE /* Episode.swift */ = {isa = PBXFileReference; lastKnownFileType = sourcecode.swift; path = Episode.swift; sourceTree = "<group>"; };
		D0F5F40E21C1F7F400EB65CE /* MainViewController.swift */ = {isa = PBXFileReference; lastKnownFileType = sourcecode.swift; path = MainViewController.swift; sourceTree = "<group>"; };
/* End PBXFileReference section */

/* Begin PBXFrameworksBuildPhase section */
		D0947CB2219091A900394049 /* Frameworks */ = {
			isa = PBXFrameworksBuildPhase;
			buildActionMask = 2147483647;
			files = (
				D14A3AB56FB14FD3EF310CF4 /* Pods_PPC.framework in Frameworks */,
			);
			runOnlyForDeploymentPostprocessing = 0;
		};
		D0947CC6219091AB00394049 /* Frameworks */ = {
			isa = PBXFrameworksBuildPhase;
			buildActionMask = 2147483647;
			files = (
				0841D353C7BFA2F92A93F60B /* Pods_PPCTests.framework in Frameworks */,
			);
			runOnlyForDeploymentPostprocessing = 0;
		};
		D0947CD1219091AC00394049 /* Frameworks */ = {
			isa = PBXFrameworksBuildPhase;
			buildActionMask = 2147483647;
			files = (
				5ECB2DDFD6127BE4A6A75389 /* Pods_PPCUITests.framework in Frameworks */,
			);
			runOnlyForDeploymentPostprocessing = 0;
		};
/* End PBXFrameworksBuildPhase section */

/* Begin PBXGroup section */
		555BE8B88619BA00110E204F /* Pods */ = {
			isa = PBXGroup;
			children = (
				3DBAF9D8E3B7FA0B5B5A6AC3 /* Pods-PPC.debug.xcconfig */,
				32173928078B5D07CEC92E6B /* Pods-PPC.release.xcconfig */,
				A9F464517401D4D6AD9C0FF5 /* Pods-PPCTests.debug.xcconfig */,
				8438EDD9D2B9203FA873B5CE /* Pods-PPCTests.release.xcconfig */,
				CEFA191C336962A2CC63148C /* Pods-PPCUITests.debug.xcconfig */,
				54191CE68E161F1009B6AC32 /* Pods-PPCUITests.release.xcconfig */,
			);
			name = Pods;
			sourceTree = "<group>";
		};
		D0947CAC219091A900394049 = {
			isa = PBXGroup;
			children = (
				D0947CB7219091A900394049 /* PPC */,
				D0947CCC219091AC00394049 /* PPCTests */,
				D0947CD7219091AC00394049 /* PPCUITests */,
				D0947CB6219091A900394049 /* Products */,
				555BE8B88619BA00110E204F /* Pods */,
				E033972DA0737FBAE057DEEE /* Frameworks */,
			);
			sourceTree = "<group>";
		};
		D0947CB6219091A900394049 /* Products */ = {
			isa = PBXGroup;
			children = (
				D0947CB5219091A900394049 /* PPC.app */,
				D0947CC9219091AB00394049 /* PPCTests.xctest */,
				D0947CD4219091AC00394049 /* PPCUITests.xctest */,
			);
			name = Products;
			sourceTree = "<group>";
		};
		D0947CB7219091A900394049 /* PPC */ = {
			isa = PBXGroup;
			children = (
				D0F083C12193CC2E006C0161 /* PPC.entitlements */,
				D0947CB8219091A900394049 /* AppDelegate.swift */,
				D0947CBC219091A900394049 /* Main.storyboard */,
				D0C2441922135F9B0058DEA9 /* ProfileViewController.swift */,
				D0F5F40621C1A9D000EB65CE /* DetailViewController.swift */,
				D0947CBF219091AB00394049 /* Assets.xcassets */,
				D0947CC1219091AB00394049 /* LaunchScreen.storyboard */,
				D0947CC4219091AB00394049 /* Info.plist */,
				D0685DEF2193BF010092E0FE /* GoogleService-Info.plist */,
				D0685DED21921C1A0092E0FE /* UIVUMeter.swift */,
				D0F5F40221BADB3100EB65CE /* AuthNumberViewController.swift */,
				D0F5F40421BADB7B00EB65CE /* AuthCodeViewController.swift */,
				D0F5F40821C1B94300EB65CE /* EpisodeTableViewCell.swift */,
				D0F5F40A21C1BA4000EB65CE /* EpisodeTableViewController.swift */,
				D0F5F40C21C1BB0400EB65CE /* Episode.swift */,
				D0F5F40E21C1F7F400EB65CE /* MainViewController.swift */,
				D014287521C59EE800D0A414 /* Episodes.swift */,
				D0C2441B2215F2D50058DEA9 /* Profile.swift */,
				D0C2441D2216015B0058DEA9 /* Profiles.swift */,
				D003A7052217A1CF00DCC2CD /* ControlBinding.swift */,
				D003A7072217B64B00DCC2CD /* Model.swift */,
				D003A7092225D93600DCC2CD /* SegueFromLeft.swift */,
				D003A70B222727AA00DCC2CD /* Podcast.swift */,
				D003A70F2228679300DCC2CD /* PodcastsCollectionViewController.swift */,
				D003A71122286C3800DCC2CD /* PodcastsCollectionViewCell.swift */,
				D02DC809225CF90600DC3352 /* PodcastDetailViewController.swift */,
				D02DC80B225CF91D00DC3352 /* PodcastSubscribersTableViewController.swift */,
				D02DC80D225D280D00DC3352 /* PodcastSubscribersViewCell.swift */,
				D052047624365A9300F2DC37 /* NewProfileViewController.swift */,
				D0520478243B9E3700F2DC37 /* Notifications.swift */,
				D052047A243C0C8300F2DC37 /* Util.swift */,
				D0682A10243F8EEC005A1AA6 /* Badge.swift */,
				D01329C024436FD20099D2AE /* CrosspostTableViewController.swift */,
				D01329C2244379520099D2AE /* CrosspostViewCell.swift */,
				D0A3E758244B2E1100498F76 /* ImagePickerViewController.swift */,
				D07D47E8244E137E00472731 /* NSViewExt.swift */,
			);
			path = PPC;
			sourceTree = "<group>";
		};
		D0947CCC219091AC00394049 /* PPCTests */ = {
			isa = PBXGroup;
			children = (
				D0947CCD219091AC00394049 /* PPCTests.swift */,
				D0947CCF219091AC00394049 /* Info.plist */,
			);
			path = PPCTests;
			sourceTree = "<group>";
		};
		D0947CD7219091AC00394049 /* PPCUITests */ = {
			isa = PBXGroup;
			children = (
				D0947CD8219091AC00394049 /* PPCUITests.swift */,
				D0947CDA219091AC00394049 /* Info.plist */,
			);
			path = PPCUITests;
			sourceTree = "<group>";
		};
		E033972DA0737FBAE057DEEE /* Frameworks */ = {
			isa = PBXGroup;
			children = (
				7370270C55BF999450257CB7 /* Pods_PPC.framework */,
				6E90C1ACA5CF3E691AA0CBD5 /* Pods_PPCTests.framework */,
				5971FB332826F3263CC6EB19 /* Pods_PPCUITests.framework */,
			);
			name = Frameworks;
			sourceTree = "<group>";
		};
/* End PBXGroup section */

/* Begin PBXNativeTarget section */
		D0947CB4219091A900394049 /* PPC */ = {
			isa = PBXNativeTarget;
			buildConfigurationList = D0947CDD219091AC00394049 /* Build configuration list for PBXNativeTarget "PPC" */;
			buildPhases = (
				2121E543BF0F0971B88A89AD /* [CP] Check Pods Manifest.lock */,
				D0947CB1219091A900394049 /* Sources */,
				D0947CB2219091A900394049 /* Frameworks */,
				D0947CB3219091A900394049 /* Resources */,
				B42E54355B5A850C119ED574 /* [CP] Embed Pods Frameworks */,
			);
			buildRules = (
			);
			dependencies = (
			);
			name = PPC;
			productName = PPC;
			productReference = D0947CB5219091A900394049 /* PPC.app */;
			productType = "com.apple.product-type.application";
		};
		D0947CC8219091AB00394049 /* PPCTests */ = {
			isa = PBXNativeTarget;
			buildConfigurationList = D0947CE0219091AC00394049 /* Build configuration list for PBXNativeTarget "PPCTests" */;
			buildPhases = (
				88DC0D868B8D3A0F757C5152 /* [CP] Check Pods Manifest.lock */,
				D0947CC5219091AB00394049 /* Sources */,
				D0947CC6219091AB00394049 /* Frameworks */,
				D0947CC7219091AB00394049 /* Resources */,
			);
			buildRules = (
			);
			dependencies = (
				D0947CCB219091AB00394049 /* PBXTargetDependency */,
			);
			name = PPCTests;
			productName = PPCTests;
			productReference = D0947CC9219091AB00394049 /* PPCTests.xctest */;
			productType = "com.apple.product-type.bundle.unit-test";
		};
		D0947CD3219091AC00394049 /* PPCUITests */ = {
			isa = PBXNativeTarget;
			buildConfigurationList = D0947CE3219091AC00394049 /* Build configuration list for PBXNativeTarget "PPCUITests" */;
			buildPhases = (
				20546480CA0697581C2BCDD4 /* [CP] Check Pods Manifest.lock */,
				D0947CD0219091AC00394049 /* Sources */,
				D0947CD1219091AC00394049 /* Frameworks */,
				D0947CD2219091AC00394049 /* Resources */,
			);
			buildRules = (
			);
			dependencies = (
				D0947CD6219091AC00394049 /* PBXTargetDependency */,
			);
			name = PPCUITests;
			productName = PPCUITests;
			productReference = D0947CD4219091AC00394049 /* PPCUITests.xctest */;
			productType = "com.apple.product-type.bundle.ui-testing";
		};
/* End PBXNativeTarget section */

/* Begin PBXProject section */
		D0947CAD219091A900394049 /* Project object */ = {
			isa = PBXProject;
			attributes = {
				LastSwiftUpdateCheck = 1000;
				LastUpgradeCheck = 1000;
				ORGANIZATIONNAME = "Justin Day";
				TargetAttributes = {
					D0947CB4219091A900394049 = {
						CreatedOnToolsVersion = 10.0;
						LastSwiftMigration = 1140;
						SystemCapabilities = {
							com.apple.Push = {
								enabled = 1;
							};
						};
					};
					D0947CC8219091AB00394049 = {
						CreatedOnToolsVersion = 10.0;
						LastSwiftMigration = 1140;
						TestTargetID = D0947CB4219091A900394049;
					};
					D0947CD3219091AC00394049 = {
						CreatedOnToolsVersion = 10.0;
						LastSwiftMigration = 1140;
						TestTargetID = D0947CB4219091A900394049;
					};
				};
			};
			buildConfigurationList = D0947CB0219091A900394049 /* Build configuration list for PBXProject "PPC" */;
			compatibilityVersion = "Xcode 9.3";
			developmentRegion = en;
			hasScannedForEncodings = 0;
			knownRegions = (
				en,
				Base,
			);
			mainGroup = D0947CAC219091A900394049;
			productRefGroup = D0947CB6219091A900394049 /* Products */;
			projectDirPath = "";
			projectRoot = "";
			targets = (
				D0947CB4219091A900394049 /* PPC */,
				D0947CC8219091AB00394049 /* PPCTests */,
				D0947CD3219091AC00394049 /* PPCUITests */,
			);
		};
/* End PBXProject section */

/* Begin PBXResourcesBuildPhase section */
		D0947CB3219091A900394049 /* Resources */ = {
			isa = PBXResourcesBuildPhase;
			buildActionMask = 2147483647;
			files = (
				D0947CC3219091AB00394049 /* LaunchScreen.storyboard in Resources */,
				D0685DF02193BF010092E0FE /* GoogleService-Info.plist in Resources */,
				D0947CC0219091AB00394049 /* Assets.xcassets in Resources */,
				D0947CBE219091A900394049 /* Main.storyboard in Resources */,
			);
			runOnlyForDeploymentPostprocessing = 0;
		};
		D0947CC7219091AB00394049 /* Resources */ = {
			isa = PBXResourcesBuildPhase;
			buildActionMask = 2147483647;
			files = (
				D0685DF12193BF010092E0FE /* GoogleService-Info.plist in Resources */,
			);
			runOnlyForDeploymentPostprocessing = 0;
		};
		D0947CD2219091AC00394049 /* Resources */ = {
			isa = PBXResourcesBuildPhase;
			buildActionMask = 2147483647;
			files = (
				D0685DF22193BF010092E0FE /* GoogleService-Info.plist in Resources */,
			);
			runOnlyForDeploymentPostprocessing = 0;
		};
/* End PBXResourcesBuildPhase section */

/* Begin PBXShellScriptBuildPhase section */
		20546480CA0697581C2BCDD4 /* [CP] Check Pods Manifest.lock */ = {
			isa = PBXShellScriptBuildPhase;
			buildActionMask = 2147483647;
			files = (
			);
			inputFileListPaths = (
			);
			inputPaths = (
				"${PODS_PODFILE_DIR_PATH}/Podfile.lock",
				"${PODS_ROOT}/Manifest.lock",
			);
			name = "[CP] Check Pods Manifest.lock";
			outputFileListPaths = (
			);
			outputPaths = (
				"$(DERIVED_FILE_DIR)/Pods-PPCUITests-checkManifestLockResult.txt",
			);
			runOnlyForDeploymentPostprocessing = 0;
			shellPath = /bin/sh;
			shellScript = "diff \"${PODS_PODFILE_DIR_PATH}/Podfile.lock\" \"${PODS_ROOT}/Manifest.lock\" > /dev/null\nif [ $? != 0 ] ; then\n    # print error to STDERR\n    echo \"error: The sandbox is not in sync with the Podfile.lock. Run 'pod install' or update your CocoaPods installation.\" >&2\n    exit 1\nfi\n# This output is used by Xcode 'outputs' to avoid re-running this script phase.\necho \"SUCCESS\" > \"${SCRIPT_OUTPUT_FILE_0}\"\n";
			showEnvVarsInLog = 0;
		};
		2121E543BF0F0971B88A89AD /* [CP] Check Pods Manifest.lock */ = {
			isa = PBXShellScriptBuildPhase;
			buildActionMask = 2147483647;
			files = (
			);
			inputFileListPaths = (
			);
			inputPaths = (
				"${PODS_PODFILE_DIR_PATH}/Podfile.lock",
				"${PODS_ROOT}/Manifest.lock",
			);
			name = "[CP] Check Pods Manifest.lock";
			outputFileListPaths = (
			);
			outputPaths = (
				"$(DERIVED_FILE_DIR)/Pods-PPC-checkManifestLockResult.txt",
			);
			runOnlyForDeploymentPostprocessing = 0;
			shellPath = /bin/sh;
			shellScript = "diff \"${PODS_PODFILE_DIR_PATH}/Podfile.lock\" \"${PODS_ROOT}/Manifest.lock\" > /dev/null\nif [ $? != 0 ] ; then\n    # print error to STDERR\n    echo \"error: The sandbox is not in sync with the Podfile.lock. Run 'pod install' or update your CocoaPods installation.\" >&2\n    exit 1\nfi\n# This output is used by Xcode 'outputs' to avoid re-running this script phase.\necho \"SUCCESS\" > \"${SCRIPT_OUTPUT_FILE_0}\"\n";
			showEnvVarsInLog = 0;
		};
		88DC0D868B8D3A0F757C5152 /* [CP] Check Pods Manifest.lock */ = {
			isa = PBXShellScriptBuildPhase;
			buildActionMask = 2147483647;
			files = (
			);
			inputFileListPaths = (
			);
			inputPaths = (
				"${PODS_PODFILE_DIR_PATH}/Podfile.lock",
				"${PODS_ROOT}/Manifest.lock",
			);
			name = "[CP] Check Pods Manifest.lock";
			outputFileListPaths = (
			);
			outputPaths = (
				"$(DERIVED_FILE_DIR)/Pods-PPCTests-checkManifestLockResult.txt",
			);
			runOnlyForDeploymentPostprocessing = 0;
			shellPath = /bin/sh;
			shellScript = "diff \"${PODS_PODFILE_DIR_PATH}/Podfile.lock\" \"${PODS_ROOT}/Manifest.lock\" > /dev/null\nif [ $? != 0 ] ; then\n    # print error to STDERR\n    echo \"error: The sandbox is not in sync with the Podfile.lock. Run 'pod install' or update your CocoaPods installation.\" >&2\n    exit 1\nfi\n# This output is used by Xcode 'outputs' to avoid re-running this script phase.\necho \"SUCCESS\" > \"${SCRIPT_OUTPUT_FILE_0}\"\n";
			showEnvVarsInLog = 0;
		};
		B42E54355B5A850C119ED574 /* [CP] Embed Pods Frameworks */ = {
			isa = PBXShellScriptBuildPhase;
			buildActionMask = 2147483647;
			files = (
			);
			inputFileListPaths = (
				"${PODS_ROOT}/Target Support Files/Pods-PPC/Pods-PPC-frameworks-${CONFIGURATION}-input-files.xcfilelist",
			);
			name = "[CP] Embed Pods Frameworks";
			outputFileListPaths = (
				"${PODS_ROOT}/Target Support Files/Pods-PPC/Pods-PPC-frameworks-${CONFIGURATION}-output-files.xcfilelist",
			);
			runOnlyForDeploymentPostprocessing = 0;
			shellPath = /bin/sh;
			shellScript = "\"${PODS_ROOT}/Target Support Files/Pods-PPC/Pods-PPC-frameworks.sh\"\n";
			showEnvVarsInLog = 0;
		};
/* End PBXShellScriptBuildPhase section */

/* Begin PBXSourcesBuildPhase section */
		D0947CB1219091A900394049 /* Sources */ = {
			isa = PBXSourcesBuildPhase;
			buildActionMask = 2147483647;
			files = (
				D0520479243B9E3700F2DC37 /* Notifications.swift in Sources */,
				D003A7082217B64B00DCC2CD /* Model.swift in Sources */,
				D003A70C222727AA00DCC2CD /* Podcast.swift in Sources */,
				D0F5F40921C1B94300EB65CE /* EpisodeTableViewCell.swift in Sources */,
				D052047724365A9300F2DC37 /* NewProfileViewController.swift in Sources */,
				D0C2441C2215F2D50058DEA9 /* Profile.swift in Sources */,
				D02DC80E225D280D00DC3352 /* PodcastSubscribersViewCell.swift in Sources */,
				D003A71222286C3800DCC2CD /* PodcastsCollectionViewCell.swift in Sources */,
				D014287621C59EE800D0A414 /* Episodes.swift in Sources */,
				D003A7102228679300DCC2CD /* PodcastsCollectionViewController.swift in Sources */,
				D0A3E759244B2E1100498F76 /* ImagePickerViewController.swift in Sources */,
				D003A7062217A1CF00DCC2CD /* ControlBinding.swift in Sources */,
				D0682A11243F8EEC005A1AA6 /* Badge.swift in Sources */,
				D02DC80A225CF90600DC3352 /* PodcastDetailViewController.swift in Sources */,
				D01329C3244379520099D2AE /* CrosspostViewCell.swift in Sources */,
				D07D47E9244E137E00472731 /* NSViewExt.swift in Sources */,
				D0947CB9219091A900394049 /* AppDelegate.swift in Sources */,
				D003A70A2225D93600DCC2CD /* SegueFromLeft.swift in Sources */,
				D0F5F40521BADB7B00EB65CE /* AuthCodeViewController.swift in Sources */,
				D0F5F40721C1A9D000EB65CE /* DetailViewController.swift in Sources */,
				D0685DEE21921C1A0092E0FE /* UIVUMeter.swift in Sources */,
				D0C2441A22135F9B0058DEA9 /* ProfileViewController.swift in Sources */,
				D0F5F40B21C1BA4000EB65CE /* EpisodeTableViewController.swift in Sources */,
				D0F5F40D21C1BB0400EB65CE /* Episode.swift in Sources */,
				D02DC80C225CF91D00DC3352 /* PodcastSubscribersTableViewController.swift in Sources */,
				D0F5F40321BADB3100EB65CE /* AuthNumberViewController.swift in Sources */,
				D052047B243C0C8300F2DC37 /* Util.swift in Sources */,
				D01329C124436FD20099D2AE /* CrosspostTableViewController.swift in Sources */,
				D0F5F40F21C1F7F400EB65CE /* MainViewController.swift in Sources */,
				D0C2441E2216015B0058DEA9 /* Profiles.swift in Sources */,
			);
			runOnlyForDeploymentPostprocessing = 0;
		};
		D0947CC5219091AB00394049 /* Sources */ = {
			isa = PBXSourcesBuildPhase;
			buildActionMask = 2147483647;
			files = (
				D0947CCE219091AC00394049 /* PPCTests.swift in Sources */,
			);
			runOnlyForDeploymentPostprocessing = 0;
		};
		D0947CD0219091AC00394049 /* Sources */ = {
			isa = PBXSourcesBuildPhase;
			buildActionMask = 2147483647;
			files = (
				D0947CD9219091AC00394049 /* PPCUITests.swift in Sources */,
			);
			runOnlyForDeploymentPostprocessing = 0;
		};
/* End PBXSourcesBuildPhase section */

/* Begin PBXTargetDependency section */
		D0947CCB219091AB00394049 /* PBXTargetDependency */ = {
			isa = PBXTargetDependency;
			target = D0947CB4219091A900394049 /* PPC */;
			targetProxy = D0947CCA219091AB00394049 /* PBXContainerItemProxy */;
		};
		D0947CD6219091AC00394049 /* PBXTargetDependency */ = {
			isa = PBXTargetDependency;
			target = D0947CB4219091A900394049 /* PPC */;
			targetProxy = D0947CD5219091AC00394049 /* PBXContainerItemProxy */;
		};
/* End PBXTargetDependency section */

/* Begin PBXVariantGroup section */
		D0947CBC219091A900394049 /* Main.storyboard */ = {
			isa = PBXVariantGroup;
			children = (
				D0947CBD219091A900394049 /* Base */,
			);
			name = Main.storyboard;
			sourceTree = "<group>";
		};
		D0947CC1219091AB00394049 /* LaunchScreen.storyboard */ = {
			isa = PBXVariantGroup;
			children = (
				D0947CC2219091AB00394049 /* Base */,
			);
			name = LaunchScreen.storyboard;
			sourceTree = "<group>";
		};
/* End PBXVariantGroup section */

/* Begin XCBuildConfiguration section */
		D0947CDB219091AC00394049 /* Debug */ = {
			isa = XCBuildConfiguration;
			buildSettings = {
				ALWAYS_SEARCH_USER_PATHS = NO;
				CLANG_ANALYZER_NONNULL = YES;
				CLANG_ANALYZER_NUMBER_OBJECT_CONVERSION = YES_AGGRESSIVE;
				CLANG_CXX_LANGUAGE_STANDARD = "gnu++14";
				CLANG_CXX_LIBRARY = "libc++";
				CLANG_ENABLE_MODULES = YES;
				CLANG_ENABLE_OBJC_ARC = YES;
				CLANG_ENABLE_OBJC_WEAK = YES;
				CLANG_WARN_BLOCK_CAPTURE_AUTORELEASING = YES;
				CLANG_WARN_BOOL_CONVERSION = YES;
				CLANG_WARN_COMMA = YES;
				CLANG_WARN_CONSTANT_CONVERSION = YES;
				CLANG_WARN_DEPRECATED_OBJC_IMPLEMENTATIONS = YES;
				CLANG_WARN_DIRECT_OBJC_ISA_USAGE = YES_ERROR;
				CLANG_WARN_DOCUMENTATION_COMMENTS = YES;
				CLANG_WARN_EMPTY_BODY = YES;
				CLANG_WARN_ENUM_CONVERSION = YES;
				CLANG_WARN_INFINITE_RECURSION = YES;
				CLANG_WARN_INT_CONVERSION = YES;
				CLANG_WARN_NON_LITERAL_NULL_CONVERSION = YES;
				CLANG_WARN_OBJC_IMPLICIT_RETAIN_SELF = YES;
				CLANG_WARN_OBJC_LITERAL_CONVERSION = YES;
				CLANG_WARN_OBJC_ROOT_CLASS = YES_ERROR;
				CLANG_WARN_RANGE_LOOP_ANALYSIS = YES;
				CLANG_WARN_STRICT_PROTOTYPES = YES;
				CLANG_WARN_SUSPICIOUS_MOVE = YES;
				CLANG_WARN_UNGUARDED_AVAILABILITY = YES_AGGRESSIVE;
				CLANG_WARN_UNREACHABLE_CODE = YES;
				CLANG_WARN__DUPLICATE_METHOD_MATCH = YES;
				CODE_SIGN_IDENTITY = "iPhone Developer";
				COPY_PHASE_STRIP = NO;
				DEBUG_INFORMATION_FORMAT = dwarf;
				ENABLE_STRICT_OBJC_MSGSEND = YES;
				ENABLE_TESTABILITY = YES;
				GCC_C_LANGUAGE_STANDARD = gnu11;
				GCC_DYNAMIC_NO_PIC = NO;
				GCC_NO_COMMON_BLOCKS = YES;
				GCC_OPTIMIZATION_LEVEL = 0;
				GCC_PREPROCESSOR_DEFINITIONS = (
					"DEBUG=1",
					"$(inherited)",
				);
				GCC_WARN_64_TO_32_BIT_CONVERSION = YES;
				GCC_WARN_ABOUT_RETURN_TYPE = YES_ERROR;
				GCC_WARN_UNDECLARED_SELECTOR = YES;
				GCC_WARN_UNINITIALIZED_AUTOS = YES_AGGRESSIVE;
				GCC_WARN_UNUSED_FUNCTION = YES;
				GCC_WARN_UNUSED_VARIABLE = YES;
				IPHONEOS_DEPLOYMENT_TARGET = 12.0;
				MTL_ENABLE_DEBUG_INFO = INCLUDE_SOURCE;
				MTL_FAST_MATH = YES;
				ONLY_ACTIVE_ARCH = YES;
				SDKROOT = iphoneos;
				SWIFT_ACTIVE_COMPILATION_CONDITIONS = DEBUG;
				SWIFT_OPTIMIZATION_LEVEL = "-Onone";
			};
			name = Debug;
		};
		D0947CDC219091AC00394049 /* Release */ = {
			isa = XCBuildConfiguration;
			buildSettings = {
				ALWAYS_SEARCH_USER_PATHS = NO;
				CLANG_ANALYZER_NONNULL = YES;
				CLANG_ANALYZER_NUMBER_OBJECT_CONVERSION = YES_AGGRESSIVE;
				CLANG_CXX_LANGUAGE_STANDARD = "gnu++14";
				CLANG_CXX_LIBRARY = "libc++";
				CLANG_ENABLE_MODULES = YES;
				CLANG_ENABLE_OBJC_ARC = YES;
				CLANG_ENABLE_OBJC_WEAK = YES;
				CLANG_WARN_BLOCK_CAPTURE_AUTORELEASING = YES;
				CLANG_WARN_BOOL_CONVERSION = YES;
				CLANG_WARN_COMMA = YES;
				CLANG_WARN_CONSTANT_CONVERSION = YES;
				CLANG_WARN_DEPRECATED_OBJC_IMPLEMENTATIONS = YES;
				CLANG_WARN_DIRECT_OBJC_ISA_USAGE = YES_ERROR;
				CLANG_WARN_DOCUMENTATION_COMMENTS = YES;
				CLANG_WARN_EMPTY_BODY = YES;
				CLANG_WARN_ENUM_CONVERSION = YES;
				CLANG_WARN_INFINITE_RECURSION = YES;
				CLANG_WARN_INT_CONVERSION = YES;
				CLANG_WARN_NON_LITERAL_NULL_CONVERSION = YES;
				CLANG_WARN_OBJC_IMPLICIT_RETAIN_SELF = YES;
				CLANG_WARN_OBJC_LITERAL_CONVERSION = YES;
				CLANG_WARN_OBJC_ROOT_CLASS = YES_ERROR;
				CLANG_WARN_RANGE_LOOP_ANALYSIS = YES;
				CLANG_WARN_STRICT_PROTOTYPES = YES;
				CLANG_WARN_SUSPICIOUS_MOVE = YES;
				CLANG_WARN_UNGUARDED_AVAILABILITY = YES_AGGRESSIVE;
				CLANG_WARN_UNREACHABLE_CODE = YES;
				CLANG_WARN__DUPLICATE_METHOD_MATCH = YES;
				CODE_SIGN_IDENTITY = "iPhone Developer";
				COPY_PHASE_STRIP = NO;
				DEBUG_INFORMATION_FORMAT = "dwarf-with-dsym";
				ENABLE_NS_ASSERTIONS = NO;
				ENABLE_STRICT_OBJC_MSGSEND = YES;
				GCC_C_LANGUAGE_STANDARD = gnu11;
				GCC_NO_COMMON_BLOCKS = YES;
				GCC_WARN_64_TO_32_BIT_CONVERSION = YES;
				GCC_WARN_ABOUT_RETURN_TYPE = YES_ERROR;
				GCC_WARN_UNDECLARED_SELECTOR = YES;
				GCC_WARN_UNINITIALIZED_AUTOS = YES_AGGRESSIVE;
				GCC_WARN_UNUSED_FUNCTION = YES;
				GCC_WARN_UNUSED_VARIABLE = YES;
				IPHONEOS_DEPLOYMENT_TARGET = 12.0;
				MTL_ENABLE_DEBUG_INFO = NO;
				MTL_FAST_MATH = YES;
				SDKROOT = iphoneos;
				SWIFT_COMPILATION_MODE = wholemodule;
				SWIFT_OPTIMIZATION_LEVEL = "-O";
				VALIDATE_PRODUCT = YES;
			};
			name = Release;
		};
		D0947CDE219091AC00394049 /* Debug */ = {
			isa = XCBuildConfiguration;
			baseConfigurationReference = 3DBAF9D8E3B7FA0B5B5A6AC3 /* Pods-PPC.debug.xcconfig */;
			buildSettings = {
				ASSETCATALOG_COMPILER_APPICON_NAME = AppIcon;
				CODE_SIGN_ENTITLEMENTS = PPC/PPC.entitlements;
				CODE_SIGN_STYLE = Automatic;
				DEVELOPMENT_TEAM = 7R5CW3PY9D;
				INFOPLIST_FILE = PPC/Info.plist;
				LD_RUNPATH_SEARCH_PATHS = (
					"$(inherited)",
					"@executable_path/Frameworks",
				);
				PRODUCT_BUNDLE_IDENTIFIER = com.jplt.PPC;
				PRODUCT_NAME = "$(TARGET_NAME)";
				SWIFT_VERSION = 5.0;
				TARGETED_DEVICE_FAMILY = 1;
			};
			name = Debug;
		};
		D0947CDF219091AC00394049 /* Release */ = {
			isa = XCBuildConfiguration;
			baseConfigurationReference = 32173928078B5D07CEC92E6B /* Pods-PPC.release.xcconfig */;
			buildSettings = {
				ASSETCATALOG_COMPILER_APPICON_NAME = AppIcon;
				CODE_SIGN_ENTITLEMENTS = PPC/PPC.entitlements;
				CODE_SIGN_STYLE = Automatic;
				DEVELOPMENT_TEAM = 7R5CW3PY9D;
				INFOPLIST_FILE = PPC/Info.plist;
				LD_RUNPATH_SEARCH_PATHS = (
					"$(inherited)",
					"@executable_path/Frameworks",
				);
				PRODUCT_BUNDLE_IDENTIFIER = com.jplt.PPC;
				PRODUCT_NAME = "$(TARGET_NAME)";
				SWIFT_VERSION = 5.0;
				TARGETED_DEVICE_FAMILY = 1;
			};
			name = Release;
		};
		D0947CE1219091AC00394049 /* Debug */ = {
			isa = XCBuildConfiguration;
			baseConfigurationReference = A9F464517401D4D6AD9C0FF5 /* Pods-PPCTests.debug.xcconfig */;
			buildSettings = {
				ALWAYS_EMBED_SWIFT_STANDARD_LIBRARIES = YES;
				BUNDLE_LOADER = "$(TEST_HOST)";
				CODE_SIGN_STYLE = Automatic;
				DEVELOPMENT_TEAM = 7R5CW3PY9D;
				INFOPLIST_FILE = PPCTests/Info.plist;
				LD_RUNPATH_SEARCH_PATHS = (
					"$(inherited)",
					"@executable_path/Frameworks",
					"@loader_path/Frameworks",
				);
				PRODUCT_BUNDLE_IDENTIFIER = com.jplt.PPCTests;
				PRODUCT_NAME = "$(TARGET_NAME)";
				SWIFT_VERSION = 5.0;
				TARGETED_DEVICE_FAMILY = "1,2";
				TEST_HOST = "$(BUILT_PRODUCTS_DIR)/PPC.app/PPC";
			};
			name = Debug;
		};
		D0947CE2219091AC00394049 /* Release */ = {
			isa = XCBuildConfiguration;
			baseConfigurationReference = 8438EDD9D2B9203FA873B5CE /* Pods-PPCTests.release.xcconfig */;
			buildSettings = {
				ALWAYS_EMBED_SWIFT_STANDARD_LIBRARIES = YES;
				BUNDLE_LOADER = "$(TEST_HOST)";
				CODE_SIGN_STYLE = Automatic;
				DEVELOPMENT_TEAM = 7R5CW3PY9D;
				INFOPLIST_FILE = PPCTests/Info.plist;
				LD_RUNPATH_SEARCH_PATHS = (
					"$(inherited)",
					"@executable_path/Frameworks",
					"@loader_path/Frameworks",
				);
				PRODUCT_BUNDLE_IDENTIFIER = com.jplt.PPCTests;
				PRODUCT_NAME = "$(TARGET_NAME)";
				SWIFT_VERSION = 5.0;
				TARGETED_DEVICE_FAMILY = "1,2";
				TEST_HOST = "$(BUILT_PRODUCTS_DIR)/PPC.app/PPC";
			};
			name = Release;
		};
		D0947CE4219091AC00394049 /* Debug */ = {
			isa = XCBuildConfiguration;
			baseConfigurationReference = CEFA191C336962A2CC63148C /* Pods-PPCUITests.debug.xcconfig */;
			buildSettings = {
				ALWAYS_EMBED_SWIFT_STANDARD_LIBRARIES = YES;
				CODE_SIGN_STYLE = Automatic;
				DEVELOPMENT_TEAM = 7R5CW3PY9D;
				INFOPLIST_FILE = PPCUITests/Info.plist;
				LD_RUNPATH_SEARCH_PATHS = (
					"$(inherited)",
					"@executable_path/Frameworks",
					"@loader_path/Frameworks",
				);
				PRODUCT_BUNDLE_IDENTIFIER = com.jplt.PPCUITests;
				PRODUCT_NAME = "$(TARGET_NAME)";
				SWIFT_VERSION = 5.0;
				TARGETED_DEVICE_FAMILY = "1,2";
				TEST_TARGET_NAME = PPC;
			};
			name = Debug;
		};
		D0947CE5219091AC00394049 /* Release */ = {
			isa = XCBuildConfiguration;
			baseConfigurationReference = 54191CE68E161F1009B6AC32 /* Pods-PPCUITests.release.xcconfig */;
			buildSettings = {
				ALWAYS_EMBED_SWIFT_STANDARD_LIBRARIES = YES;
				CODE_SIGN_STYLE = Automatic;
				DEVELOPMENT_TEAM = 7R5CW3PY9D;
				INFOPLIST_FILE = PPCUITests/Info.plist;
				LD_RUNPATH_SEARCH_PATHS = (
					"$(inherited)",
					"@executable_path/Frameworks",
					"@loader_path/Frameworks",
				);
				PRODUCT_BUNDLE_IDENTIFIER = com.jplt.PPCUITests;
				PRODUCT_NAME = "$(TARGET_NAME)";
				SWIFT_VERSION = 5.0;
				TARGETED_DEVICE_FAMILY = "1,2";
				TEST_TARGET_NAME = PPC;
			};
			name = Release;
		};
/* End XCBuildConfiguration section */

/* Begin XCConfigurationList section */
		D0947CB0219091A900394049 /* Build configuration list for PBXProject "PPC" */ = {
			isa = XCConfigurationList;
			buildConfigurations = (
				D0947CDB219091AC00394049 /* Debug */,
				D0947CDC219091AC00394049 /* Release */,
			);
			defaultConfigurationIsVisible = 0;
			defaultConfigurationName = Release;
		};
		D0947CDD219091AC00394049 /* Build configuration list for PBXNativeTarget "PPC" */ = {
			isa = XCConfigurationList;
			buildConfigurations = (
				D0947CDE219091AC00394049 /* Debug */,
				D0947CDF219091AC00394049 /* Release */,
			);
			defaultConfigurationIsVisible = 0;
			defaultConfigurationName = Release;
		};
		D0947CE0219091AC00394049 /* Build configuration list for PBXNativeTarget "PPCTests" */ = {
			isa = XCConfigurationList;
			buildConfigurations = (
				D0947CE1219091AC00394049 /* Debug */,
				D0947CE2219091AC00394049 /* Release */,
			);
			defaultConfigurationIsVisible = 0;
			defaultConfigurationName = Release;
		};
		D0947CE3219091AC00394049 /* Build configuration list for PBXNativeTarget "PPCUITests" */ = {
			isa = XCConfigurationList;
			buildConfigurations = (
				D0947CE4219091AC00394049 /* Debug */,
				D0947CE5219091AC00394049 /* Release */,
			);
			defaultConfigurationIsVisible = 0;
			defaultConfigurationName = Release;
		};
/* End XCConfigurationList section */
	};
	rootObject = D0947CAD219091A900394049 /* Project object */;
}
